<?xml version="1.0" encoding="utf-8"?>
<Project ToolsVersion="4.0" xmlns="http://schemas.microsoft.com/developer/msbuild/2003">
  <ItemGroup>
    <Filter Include="Source Files">
      <UniqueIdentifier>{4FC737F1-C7A5-4376-A066-2A32D752A2FF}</UniqueIdentifier>
      <Extensions>cpp;c;cc;cxx;c++;cppm;ixx;def;odl;idl;hpj;bat;asm;asmx</Extensions>
    </Filter>
    <Filter Include="Header Files">
      <UniqueIdentifier>{93995380-89BD-4b04-88EB-625FBE52EBFB}</UniqueIdentifier>
      <Extensions>h;hh;hpp;hxx;h++;hm;inl;inc;ipp;xsd</Extensions>
    </Filter>
    <Filter Include="Resource Files">
      <UniqueIdentifier>{67DA6AB6-F800-4c08-8B7A-83BB121AAD01}</UniqueIdentifier>
      <Extensions>rc;ico;cur;bmp;dlg;rc2;rct;bin;rgs;gif;jpg;jpeg;jpe;resx;tiff;tif;png;wav;mfcribbon-ms</Extensions>
    </Filter>
  </ItemGroup>
  <ItemGroup>
    <ClCompile Include="testcode.cpp">
      <Filter>Source Files</Filter>
    </ClCompile>
    <ClCompile Include="SumOfDigits.cpp">
      <Filter>Source Files</Filter>
    </ClCompile>
    <ClCompile Include="Mean.cpp">
      <Filter>Source Files</Filter>
    </ClCompile>
    <ClCompile Include="Box.cpp">
      <Filter>Source Files</Filter>
    </ClCompile>
    <ClCompile Include="PerfectNums.cpp">
      <Filter>Source Files</Filter>
    </ClCompile>
    <ClCompile Include="factors.cpp">
      <Filter>Source Files</Filter>
    </ClCompile>
    <ClCompile Include="powers.cpp">
      <Filter>Source Files</Filter>
    </ClCompile>
    <ClCompile Include="fibonnaci.cpp">
      <Filter>Source Files</Filter>
    </ClCompile>
    <ClCompile Include="test.cpp">
      <Filter>Source Files</Filter>
    </ClCompile>
    <ClCompile Include="tester.cpp">
      <Filter>Source Files</Filter>
    </ClCompile>
    <ClCompile Include="Source.cpp">
      <Filter>Source Files</Filter>
    </ClCompile>
    <ClCompile Include="Source1.cpp">
      <Filter>Source Files</Filter>
    </ClCompile>
    <ClCompile Include="Source2.cpp">
      <Filter>Source Files</Filter>
    </ClCompile>
    <ClCompile Include="Source3.cpp">
      <Filter>Source Files</Filter>
    </ClCompile>
    <ClCompile Include="PROB1.cpp">
      <Filter>Source Files</Filter>
    </ClCompile>
    <ClCompile Include="TESTING1.cpp">
      <Filter>Source Files</Filter>
    </ClCompile>
    <ClCompile Include="switch.cpp">
      <Filter>Source Files</Filter>
    </ClCompile>
    <ClCompile Include="reverseInt.cpp">
      <Filter>Source Files</Filter>
    </ClCompile>
    <ClCompile Include="Source4.cpp">
      <Filter>Source Files</Filter>
    </ClCompile>
    <ClCompile Include="Source5.cpp">
      <Filter>Source Files</Filter>
    </ClCompile>
    <ClCompile Include="equality.cpp">
      <Filter>Source Files</Filter>
    </ClCompile>
    <ClCompile Include="hasTwoSum.cpp">
      <Filter>Source Files</Filter>
    </ClCompile>
    <ClCompile Include="maxUnique.cpp">
      <Filter>Source Files</Filter>
    </ClCompile>
    <ClCompile Include="Source6.cpp">
      <Filter>Source Files</Filter>
    </ClCompile>
    <ClCompile Include="Source7.cpp">
      <Filter>Source Files</Filter>
    </ClCompile>
    <ClCompile Include="zeroLeft.cpp">
      <Filter>Source Files</Filter>
    </ClCompile>
    <ClCompile Include="rangeSearch.cpp">
      <Filter>Source Files</Filter>
    </ClCompile>
    <ClCompile Include="testingcout.cpp">
      <Filter>Source Files</Filter>
    </ClCompile>
    <ClCompile Include="findDuplicate.cpp">
      <Filter>Source Files</Filter>
    </ClCompile>
    <ClCompile Include="tripleSum.cpp">
      <Filter>Source Files</Filter>
    </ClCompile>
    <ClCompile Include="readingprob.cpp">
      <Filter>Source Files</Filter>
    </ClCompile>
    <ClCompile Include="invertArray.cpp">
      <Filter>Source Files</Filter>
    </ClCompile>
    <ClCompile Include="charInsert.cpp">
      <Filter>Source Files</Filter>
    </ClCompile>
    <ClCompile Include="failedWordShift.cpp">
      <Filter>Source Files</Filter>
    </ClCompile>
    <ClCompile Include="Source8.cpp">
      <Filter>Source Files</Filter>
    </ClCompile>
    <ClCompile Include="merge.cpp">
      <Filter>Source Files</Filter>
    </ClCompile>
    <ClCompile Include="removenonAlpha.cpp">
      <Filter>Source Files</Filter>
    </ClCompile>
    <ClCompile Include="Source9.cpp">
      <Filter>Source Files</Filter>
    </ClCompile>
    <ClCompile Include="Source10.cpp">
      <Filter>Source Files</Filter>
    </ClCompile>
    <ClCompile Include="Source11.cpp">
      <Filter>Source Files</Filter>
    </ClCompile>
    <ClCompile Include="Source12.cpp">
      <Filter>Source Files</Filter>
    </ClCompile>
  </ItemGroup>
</Project>